
Microsoft Visual Studio Solution File, Format Version 12.00
# Visual Studio 15
VisualStudioVersion = 15.0.27130.2036
MinimumVisualStudioVersion = 10.0.40219.1
Project("{FAE04EC0-301F-11D3-BF4B-00C04F79EFBC}") = "WebApp", "WebApp\WebApp.csproj", "{121C8AAB-590D-470E-BCD4-E44735FAABFD}"
EndProject
Project("{FAE04EC0-301F-11D3-BF4B-00C04F79EFBC}") = "Northwind.Data", "Northwind.Data\Northwind.Data.csproj", "{3AC6D0AE-4C09-415E-9EF5-A328680DBBB9}"
EndProject
Project("{FAE04EC0-301F-11D3-BF4B-00C04F79EFBC}") = "NorthwindSystem", "NorthwindSystem\NorthwindSystem.csproj", "{39E91778-A2D5-4666-9D14-F09173E1B079}"
EndProject
Global
	GlobalSection(SolutionConfigurationPlatforms) = preSolution
		Debug|Any CPU = Debug|Any CPU
		Release|Any CPU = Release|Any CPU
	EndGlobalSection
	GlobalSection(ProjectConfigurationPlatforms) = postSolution
		{121C8AAB-590D-470E-BCD4-E44735FAABFD}.Debug|Any CPU.ActiveCfg = Debug|Any CPU
		{121C8AAB-590D-470E-BCD4-E44735FAABFD}.Debug|Any CPU.Build.0 = Debug|Any CPU
		{121C8AAB-590D-470E-BCD4-E44735FAABFD}.Release|Any CPU.ActiveCfg = Release|Any CPU
		{121C8AAB-590D-470E-BCD4-E44735FAABFD}.Release|Any CPU.Build.0 = Release|Any CPU
		{3AC6D0AE-4C09-415E-9EF5-A328680DBBB9}.Debug|Any CPU.ActiveCfg = Debug|Any CPU
		{3AC6D0AE-4C09-415E-9EF5-A328680DBBB9}.Debug|Any CPU.Build.0 = Debug|Any CPU
		{3AC6D0AE-4C09-415E-9EF5-A328680DBBB9}.Release|Any CPU.ActiveCfg = Release|Any CPU
		{3AC6D0AE-4C09-415E-9EF5-A328680DBBB9}.Release|Any CPU.Build.0 = Release|Any CPU
		{39E91778-A2D5-4666-9D14-F09173E1B079}.Debug|Any CPU.ActiveCfg = Debug|Any CPU
		{39E91778-A2D5-4666-9D14-F09173E1B079}.Debug|Any CPU.Build.0 = Debug|Any CPU
		{39E91778-A2D5-4666-9D14-F09173E1B079}.Release|Any CPU.ActiveCfg = Release|Any CPU
		{39E91778-A2D5-4666-9D14-F09173E1B079}.Release|Any CPU.Build.0 = Release|Any CPU
	EndGlobalSection
	GlobalSection(SolutionProperties) = preSolution
		HideSolutionNode = FALSE
	EndGlobalSection
	GlobalSection(ExtensibilityGlobals) = postSolution
		SolutionGuid = {A1D5D269-0FC5-43C7-99AB-99B7DD0A5381}
	EndGlobalSection
EndGlobal
